
Microsoft Visual Studio Solution File, Format Version 12.00
# Visual Studio Version 16
VisualStudioVersion = 16.0.31829.152
MinimumVisualStudioVersion = 10.0.40219.1
Project("{FAE04EC0-301F-11D3-BF4B-00C04F79EFBC}") = "Practice_9", "Practice_9\Practice_9.csproj", "{166C7783-B288-4297-B8B8-8B69EC87DD3B}"
EndProject
Global
	GlobalSection(SolutionConfigurationPlatforms) = preSolution
		Debug|Any CPU = Debug|Any CPU
		Release|Any CPU = Release|Any CPU
	EndGlobalSection
	GlobalSection(ProjectConfigurationPlatforms) = postSolution
		{166C7783-B288-4297-B8B8-8B69EC87DD3B}.Debug|Any CPU.ActiveCfg = Debug|Any CPU
		{166C7783-B288-4297-B8B8-8B69EC87DD3B}.Debug|Any CPU.Build.0 = Debug|Any CPU
		{166C7783-B288-4297-B8B8-8B69EC87DD3B}.Release|Any CPU.ActiveCfg = Release|Any CPU
		{166C7783-B288-4297-B8B8-8B69EC87DD3B}.Release|Any CPU.Build.0 = Release|Any CPU
	EndGlobalSection
	GlobalSection(SolutionProperties) = preSolution
		HideSolutionNode = FALSE
	EndGlobalSection
	GlobalSection(ExtensibilityGlobals) = postSolution
		SolutionGuid = {C3B96CD3-ABA7-4642-BB48-81B28D8336F3}
	EndGlobalSection
EndGlobal
